// !$*UTF8*$!
{
	archiveVersion = 1;
	classes = {
	};
	objectVersion = 50;
	objects = {

/* Begin PBXBuildFile section */
		E10A30A22572F2D500B03822 /* Keychain.swift in Sources */ = {isa = PBXBuildFile; fileRef = E10A30A12572F2D500B03822 /* Keychain.swift */; };
		E10A30A72572F41200B03822 /* WalletData.swift in Sources */ = {isa = PBXBuildFile; fileRef = E10A30A52572F41200B03822 /* WalletData.swift */; };
		E10A30A82572F41200B03822 /* WalletDataKeychain.swift in Sources */ = {isa = PBXBuildFile; fileRef = E10A30A62572F41200B03822 /* WalletDataKeychain.swift */; };
		E12D397825900336006D25EF /* ContactTableView.swift in Sources */ = {isa = PBXBuildFile; fileRef = E12D397725900336006D25EF /* ContactTableView.swift */; };
		E12D397E25900378006D25EF /* ContactTableCell.swift in Sources */ = {isa = PBXBuildFile; fileRef = E12D397D25900378006D25EF /* ContactTableCell.swift */; };
		E12D39842590C256006D25EF /* ContactView.swift in Sources */ = {isa = PBXBuildFile; fileRef = E12D39832590C256006D25EF /* ContactView.swift */; };
		E1483C8D259740170088E145 /* UIAlertController+Activity.swift in Sources */ = {isa = PBXBuildFile; fileRef = E1483C8C259740170088E145 /* UIAlertController+Activity.swift */; };
		E1483C9525975B430088E145 /* ActivityIndicatorView.swift in Sources */ = {isa = PBXBuildFile; fileRef = E1483C9425975B430088E145 /* ActivityIndicatorView.swift */; };
		E1483C9F2597D5D10088E145 /* UIAlertController+Error.swift in Sources */ = {isa = PBXBuildFile; fileRef = E1483C9E2597D5D10088E145 /* UIAlertController+Error.swift */; };
		E1483CA42597D9B90088E145 /* WalletError.swift in Sources */ = {isa = PBXBuildFile; fileRef = E1483CA32597D9B90088E145 /* WalletError.swift */; };
		E1483CAE2597E0F20088E145 /* Payment.swift in Sources */ = {isa = PBXBuildFile; fileRef = E1483CAD2597E0F20088E145 /* Payment.swift */; };
		E14B7D5F25960EDF005CE0F5 /* NewWalletOptions.swift in Sources */ = {isa = PBXBuildFile; fileRef = E14B7D5E25960EDF005CE0F5 /* NewWalletOptions.swift */; };
		E14DF655259220D900BADF50 /* Contact.swift in Sources */ = {isa = PBXBuildFile; fileRef = E14DF654259220D900BADF50 /* Contact.swift */; };
		E14DF6592592513F00BADF50 /* ContentSizedTableView.swift in Sources */ = {isa = PBXBuildFile; fileRef = E14DF6582592513F00BADF50 /* ContentSizedTableView.swift */; };
		E15947D42592B16A0091C335 /* PaymentView.swift in Sources */ = {isa = PBXBuildFile; fileRef = E15947D32592B16A0091C335 /* PaymentView.swift */; };
		E15947E02592C08D0091C335 /* PaymentConfirmView.swift in Sources */ = {isa = PBXBuildFile; fileRef = E15947DF2592C08D0091C335 /* PaymentConfirmView.swift */; };
		E15947EA25939E850091C335 /* InsetLabel.swift in Sources */ = {isa = PBXBuildFile; fileRef = E15947E925939E850091C335 /* InsetLabel.swift */; };
		E15E548C25961CD000B1D5D8 /* NewWallet.swift in Sources */ = {isa = PBXBuildFile; fileRef = E15E548B25961CD000B1D5D8 /* NewWallet.swift */; };
		E15E54A625967C8700B1D5D8 /* UIView+BlurView.swift in Sources */ = {isa = PBXBuildFile; fileRef = E15E54A525967C8700B1D5D8 /* UIView+BlurView.swift */; };
		E15F87D12597E670009C95BD /* PaymentError.swift in Sources */ = {isa = PBXBuildFile; fileRef = E15F87D02597E670009C95BD /* PaymentError.swift */; };
		E15F87D5259805F6009C95BD /* ImportWalletView.swift in Sources */ = {isa = PBXBuildFile; fileRef = E15F87D4259805F6009C95BD /* ImportWalletView.swift */; };
		E1693745258EC4310098C525 /* WalletAPI.swift in Sources */ = {isa = PBXBuildFile; fileRef = E1693744258EC4310098C525 /* WalletAPI.swift */; };
		E169374B258EC77C0098C525 /* Config.swift in Sources */ = {isa = PBXBuildFile; fileRef = E169374A258EC77C0098C525 /* Config.swift */; };
		E169375A258ED6960098C525 /* Wallet.swift in Sources */ = {isa = PBXBuildFile; fileRef = E1693759258ED6960098C525 /* Wallet.swift */; };
		E17E2F432572511C003CBA24 /* QRCodeCameraView.swift in Sources */ = {isa = PBXBuildFile; fileRef = E17E2F422572511C003CBA24 /* QRCodeCameraView.swift */; };
		E17E2F5425725EF1003CBA24 /* CornerView.swift in Sources */ = {isa = PBXBuildFile; fileRef = E17E2F5325725EF1003CBA24 /* CornerView.swift */; };
		E1A704E6256BB0F900DC9AAA /* IncognitoPayKit.h in Headers */ = {isa = PBXBuildFile; fileRef = E1A704D8256BB0F900DC9AAA /* IncognitoPayKit.h */; settings = {ATTRIBUTES = (Public, ); }; };
		E1A704F2256BB60200DC9AAA /* Images.xcassets in Resources */ = {isa = PBXBuildFile; fileRef = E1A704F1256BB60200DC9AAA /* Images.xcassets */; };
		E1A704F6256BB70D00DC9AAA /* IncognitoPayButton.swift in Sources */ = {isa = PBXBuildFile; fileRef = E1A704F5256BB70D00DC9AAA /* IncognitoPayButton.swift */; };
		E1A7057C256BE36A00DC9AAA /* IncognitoPayOptions.swift in Sources */ = {isa = PBXBuildFile; fileRef = E1A7057B256BE36A00DC9AAA /* IncognitoPayOptions.swift */; };
		E1A70583256C00B900DC9AAA /* WalletQRCode.swift in Sources */ = {isa = PBXBuildFile; fileRef = E1A70582256C00B900DC9AAA /* WalletQRCode.swift */; };
		E1A70589256C03B600DC9AAA /* WalletQRCodeView.swift in Sources */ = {isa = PBXBuildFile; fileRef = E1A70588256C03B600DC9AAA /* WalletQRCodeView.swift */; };
		E1A85A4125BB1F8600BBFE06 /* ColorCompatibility.swift in Sources */ = {isa = PBXBuildFile; fileRef = E1A85A4025BB1F8600BBFE06 /* ColorCompatibility.swift */; };
		E1E8A3C2256D0B07009BDCB5 /* IncognitoButton.swift in Sources */ = {isa = PBXBuildFile; fileRef = E1E8A3C1256D0B07009BDCB5 /* IncognitoButton.swift */; };
/* End PBXBuildFile section */

/* Begin PBXFileReference section */
		E10A30A12572F2D500B03822 /* Keychain.swift */ = {isa = PBXFileReference; fileEncoding = 4; lastKnownFileType = sourcecode.swift; path = Keychain.swift; sourceTree = "<group>"; };
		E10A30A52572F41200B03822 /* WalletData.swift */ = {isa = PBXFileReference; fileEncoding = 4; lastKnownFileType = sourcecode.swift; path = WalletData.swift; sourceTree = "<group>"; };
		E10A30A62572F41200B03822 /* WalletDataKeychain.swift */ = {isa = PBXFileReference; fileEncoding = 4; lastKnownFileType = sourcecode.swift; path = WalletDataKeychain.swift; sourceTree = "<group>"; };
		E12D397725900336006D25EF /* ContactTableView.swift */ = {isa = PBXFileReference; lastKnownFileType = sourcecode.swift; path = ContactTableView.swift; sourceTree = "<group>"; };
		E12D397D25900378006D25EF /* ContactTableCell.swift */ = {isa = PBXFileReference; lastKnownFileType = sourcecode.swift; path = ContactTableCell.swift; sourceTree = "<group>"; };
		E12D39832590C256006D25EF /* ContactView.swift */ = {isa = PBXFileReference; lastKnownFileType = sourcecode.swift; path = ContactView.swift; sourceTree = "<group>"; };
		E1483C8C259740170088E145 /* UIAlertController+Activity.swift */ = {isa = PBXFileReference; lastKnownFileType = sourcecode.swift; path = "UIAlertController+Activity.swift"; sourceTree = "<group>"; };
		E1483C9425975B430088E145 /* ActivityIndicatorView.swift */ = {isa = PBXFileReference; lastKnownFileType = sourcecode.swift; path = ActivityIndicatorView.swift; sourceTree = "<group>"; };
		E1483C9E2597D5D10088E145 /* UIAlertController+Error.swift */ = {isa = PBXFileReference; lastKnownFileType = sourcecode.swift; path = "UIAlertController+Error.swift"; sourceTree = "<group>"; };
		E1483CA32597D9B90088E145 /* WalletError.swift */ = {isa = PBXFileReference; lastKnownFileType = sourcecode.swift; path = WalletError.swift; sourceTree = "<group>"; };
		E1483CAD2597E0F20088E145 /* Payment.swift */ = {isa = PBXFileReference; lastKnownFileType = sourcecode.swift; path = Payment.swift; sourceTree = "<group>"; };
		E14B7D5E25960EDF005CE0F5 /* NewWalletOptions.swift */ = {isa = PBXFileReference; lastKnownFileType = sourcecode.swift; path = NewWalletOptions.swift; sourceTree = "<group>"; };
		E14DF654259220D900BADF50 /* Contact.swift */ = {isa = PBXFileReference; lastKnownFileType = sourcecode.swift; path = Contact.swift; sourceTree = "<group>"; };
		E14DF6582592513F00BADF50 /* ContentSizedTableView.swift */ = {isa = PBXFileReference; lastKnownFileType = sourcecode.swift; path = ContentSizedTableView.swift; sourceTree = "<group>"; };
		E15947D32592B16A0091C335 /* PaymentView.swift */ = {isa = PBXFileReference; lastKnownFileType = sourcecode.swift; path = PaymentView.swift; sourceTree = "<group>"; };
		E15947DF2592C08D0091C335 /* PaymentConfirmView.swift */ = {isa = PBXFileReference; lastKnownFileType = sourcecode.swift; path = PaymentConfirmView.swift; sourceTree = "<group>"; };
		E15947E925939E850091C335 /* InsetLabel.swift */ = {isa = PBXFileReference; lastKnownFileType = sourcecode.swift; path = InsetLabel.swift; sourceTree = "<group>"; };
		E15E548B25961CD000B1D5D8 /* NewWallet.swift */ = {isa = PBXFileReference; lastKnownFileType = sourcecode.swift; path = NewWallet.swift; sourceTree = "<group>"; };
		E15E54A525967C8700B1D5D8 /* UIView+BlurView.swift */ = {isa = PBXFileReference; lastKnownFileType = sourcecode.swift; path = "UIView+BlurView.swift"; sourceTree = "<group>"; };
		E15F87D02597E670009C95BD /* PaymentError.swift */ = {isa = PBXFileReference; lastKnownFileType = sourcecode.swift; path = PaymentError.swift; sourceTree = "<group>"; };
		E15F87D4259805F6009C95BD /* ImportWalletView.swift */ = {isa = PBXFileReference; lastKnownFileType = sourcecode.swift; path = ImportWalletView.swift; sourceTree = "<group>"; };
		E1693744258EC4310098C525 /* WalletAPI.swift */ = {isa = PBXFileReference; lastKnownFileType = sourcecode.swift; path = WalletAPI.swift; sourceTree = "<group>"; };
		E169374A258EC77C0098C525 /* Config.swift */ = {isa = PBXFileReference; lastKnownFileType = sourcecode.swift; path = Config.swift; sourceTree = "<group>"; };
		E169374E258EC9430098C525 /* Debug.xcconfig */ = {isa = PBXFileReference; lastKnownFileType = text.xcconfig; path = Debug.xcconfig; sourceTree = "<group>"; };
		E169374F258EC9590098C525 /* Release.xcconfig */ = {isa = PBXFileReference; lastKnownFileType = text.xcconfig; path = Release.xcconfig; sourceTree = "<group>"; };
		E1693759258ED6960098C525 /* Wallet.swift */ = {isa = PBXFileReference; lastKnownFileType = sourcecode.swift; path = Wallet.swift; sourceTree = "<group>"; };
		E17E2F422572511C003CBA24 /* QRCodeCameraView.swift */ = {isa = PBXFileReference; lastKnownFileType = sourcecode.swift; path = QRCodeCameraView.swift; sourceTree = "<group>"; };
		E17E2F5325725EF1003CBA24 /* CornerView.swift */ = {isa = PBXFileReference; lastKnownFileType = sourcecode.swift; path = CornerView.swift; sourceTree = "<group>"; };
		E1A704D5256BB0F900DC9AAA /* IncognitoPayKit.framework */ = {isa = PBXFileReference; explicitFileType = wrapper.framework; includeInIndex = 0; path = IncognitoPayKit.framework; sourceTree = BUILT_PRODUCTS_DIR; };
		E1A704D8256BB0F900DC9AAA /* IncognitoPayKit.h */ = {isa = PBXFileReference; lastKnownFileType = sourcecode.c.h; path = IncognitoPayKit.h; sourceTree = "<group>"; };
		E1A704D9256BB0F900DC9AAA /* Info.plist */ = {isa = PBXFileReference; lastKnownFileType = text.plist.xml; path = Info.plist; sourceTree = "<group>"; };
		E1A704E3256BB0F900DC9AAA /* IncognitoPayKitTests.swift */ = {isa = PBXFileReference; lastKnownFileType = sourcecode.swift; path = IncognitoPayKitTests.swift; sourceTree = "<group>"; };
		E1A704E5256BB0F900DC9AAA /* Info.plist */ = {isa = PBXFileReference; lastKnownFileType = text.plist.xml; path = Info.plist; sourceTree = "<group>"; };
		E1A704F1256BB60200DC9AAA /* Images.xcassets */ = {isa = PBXFileReference; lastKnownFileType = folder.assetcatalog; path = Images.xcassets; sourceTree = "<group>"; };
		E1A704F5256BB70D00DC9AAA /* IncognitoPayButton.swift */ = {isa = PBXFileReference; lastKnownFileType = sourcecode.swift; path = IncognitoPayButton.swift; sourceTree = "<group>"; };
		E1A7057B256BE36A00DC9AAA /* IncognitoPayOptions.swift */ = {isa = PBXFileReference; lastKnownFileType = sourcecode.swift; path = IncognitoPayOptions.swift; sourceTree = "<group>"; };
		E1A70582256C00B900DC9AAA /* WalletQRCode.swift */ = {isa = PBXFileReference; lastKnownFileType = sourcecode.swift; path = WalletQRCode.swift; sourceTree = "<group>"; };
		E1A70588256C03B600DC9AAA /* WalletQRCodeView.swift */ = {isa = PBXFileReference; lastKnownFileType = sourcecode.swift; path = WalletQRCodeView.swift; sourceTree = "<group>"; };
		E1A85A4025BB1F8600BBFE06 /* ColorCompatibility.swift */ = {isa = PBXFileReference; lastKnownFileType = sourcecode.swift; path = ColorCompatibility.swift; sourceTree = "<group>"; };
		E1E8A3C1256D0B07009BDCB5 /* IncognitoButton.swift */ = {isa = PBXFileReference; lastKnownFileType = sourcecode.swift; path = IncognitoButton.swift; sourceTree = "<group>"; };
/* End PBXFileReference section */

/* Begin PBXFrameworksBuildPhase section */
		E1A704D2256BB0F800DC9AAA /* Frameworks */ = {
			isa = PBXFrameworksBuildPhase;
			buildActionMask = 2147483647;
			files = (
			);
			runOnlyForDeploymentPostprocessing = 0;
		};
/* End PBXFrameworksBuildPhase section */

/* Begin PBXGroup section */
		E10A30A02572F28A00B03822 /* Credential Storage */ = {
			isa = PBXGroup;
			children = (
				E10A30A52572F41200B03822 /* WalletData.swift */,
				E10A30A62572F41200B03822 /* WalletDataKeychain.swift */,
				E10A30A12572F2D500B03822 /* Keychain.swift */,
			);
			path = "Credential Storage";
			sourceTree = "<group>";
		};
		E12D3976259002FF006D25EF /* Contacts */ = {
			isa = PBXGroup;
			children = (
				E12D397725900336006D25EF /* ContactTableView.swift */,
				E12D397D25900378006D25EF /* ContactTableCell.swift */,
				E12D39832590C256006D25EF /* ContactView.swift */,
			);
			path = Contacts;
			sourceTree = "<group>";
		};
		E1483CA22597D99D0088E145 /* Errors */ = {
			isa = PBXGroup;
			children = (
				E1483CA32597D9B90088E145 /* WalletError.swift */,
				E15F87D02597E670009C95BD /* PaymentError.swift */,
			);
			path = Errors;
			sourceTree = "<group>";
		};
		E14B7D5D25960E54005CE0F5 /* Incognito Pay Button */ = {
			isa = PBXGroup;
			children = (
				E1A7057B256BE36A00DC9AAA /* IncognitoPayOptions.swift */,
				E14B7D5E25960EDF005CE0F5 /* NewWalletOptions.swift */,
			);
			path = "Incognito Pay Button";
			sourceTree = "<group>";
		};
		E15947D22592B14C0091C335 /* Payment */ = {
			isa = PBXGroup;
			children = (
				E15947D32592B16A0091C335 /* PaymentView.swift */,
				E15947DF2592C08D0091C335 /* PaymentConfirmView.swift */,
			);
			path = Payment;
			sourceTree = "<group>";
		};
		E1693743258EC3FD0098C525 /* Networking */ = {
			isa = PBXGroup;
			children = (
				E15E548B25961CD000B1D5D8 /* NewWallet.swift */,
				E1483CAD2597E0F20088E145 /* Payment.swift */,
				E1693744258EC4310098C525 /* WalletAPI.swift */,
			);
			path = Networking;
			sourceTree = "<group>";
		};
		E1693758258ED66B0098C525 /* Models */ = {
			isa = PBXGroup;
			children = (
				E1693759258ED6960098C525 /* Wallet.swift */,
				E14DF654259220D900BADF50 /* Contact.swift */,
			);
			path = Models;
			sourceTree = "<group>";
		};
		E17E2F5225725ED6003CBA24 /* Camera */ = {
			isa = PBXGroup;
			children = (
				E17E2F422572511C003CBA24 /* QRCodeCameraView.swift */,
				E17E2F5325725EF1003CBA24 /* CornerView.swift */,
			);
			path = Camera;
			sourceTree = "<group>";
		};
		E1A704CB256BB0F800DC9AAA = {
			isa = PBXGroup;
			children = (
				E169374F258EC9590098C525 /* Release.xcconfig */,
				E169374E258EC9430098C525 /* Debug.xcconfig */,
				E1A704D7256BB0F900DC9AAA /* IncognitoPayKit */,
				E1A704E2256BB0F900DC9AAA /* IncognitoPayKitTests */,
				E1A704D6256BB0F900DC9AAA /* Products */,
			);
			sourceTree = "<group>";
		};
		E1A704D6256BB0F900DC9AAA /* Products */ = {
			isa = PBXGroup;
			children = (
				E1A704D5256BB0F900DC9AAA /* IncognitoPayKit.framework */,
			);
			name = Products;
			sourceTree = "<group>";
		};
		E1A704D7256BB0F900DC9AAA /* IncognitoPayKit */ = {
			isa = PBXGroup;
			children = (
				E1A85A3F25BB1F4900BBFE06 /* Compatibility */,
				E1483CA22597D99D0088E145 /* Errors */,
				E1693758258ED66B0098C525 /* Models */,
				E1693743258EC3FD0098C525 /* Networking */,
				E10A30A02572F28A00B03822 /* Credential Storage */,
				E1A7057F256C006600DC9AAA /* Views */,
				E1A704D8256BB0F900DC9AAA /* IncognitoPayKit.h */,
				E1A704D9256BB0F900DC9AAA /* Info.plist */,
				E1A704F1256BB60200DC9AAA /* Images.xcassets */,
				E169374A258EC77C0098C525 /* Config.swift */,
				E1483C8C259740170088E145 /* UIAlertController+Activity.swift */,
				E1483C9E2597D5D10088E145 /* UIAlertController+Error.swift */,
				E15E54A525967C8700B1D5D8 /* UIView+BlurView.swift */,
			);
			path = IncognitoPayKit;
			sourceTree = "<group>";
		};
		E1A704E2256BB0F900DC9AAA /* IncognitoPayKitTests */ = {
			isa = PBXGroup;
			children = (
				E1A704E3256BB0F900DC9AAA /* IncognitoPayKitTests.swift */,
				E1A704E5256BB0F900DC9AAA /* Info.plist */,
			);
			path = IncognitoPayKitTests;
			sourceTree = "<group>";
		};
		E1A7057F256C006600DC9AAA /* Views */ = {
			isa = PBXGroup;
			children = (
				E14B7D5D25960E54005CE0F5 /* Incognito Pay Button */,
				E15947D22592B14C0091C335 /* Payment */,
				E12D3976259002FF006D25EF /* Contacts */,
				E17E2F5225725ED6003CBA24 /* Camera */,
				E1A70581256C007E00DC9AAA /* Wallet */,
				E1A70580256C007200DC9AAA /* Buttons */,
				E1483C9425975B430088E145 /* ActivityIndicatorView.swift */,
				E14DF6582592513F00BADF50 /* ContentSizedTableView.swift */,
				E15947E925939E850091C335 /* InsetLabel.swift */,
			);
			path = Views;
			sourceTree = "<group>";
		};
		E1A70580256C007200DC9AAA /* Buttons */ = {
			isa = PBXGroup;
			children = (
				E1A704F5256BB70D00DC9AAA /* IncognitoPayButton.swift */,
				E1E8A3C1256D0B07009BDCB5 /* IncognitoButton.swift */,
			);
			path = Buttons;
			sourceTree = "<group>";
		};
		E1A70581256C007E00DC9AAA /* Wallet */ = {
			isa = PBXGroup;
			children = (
				E1A70582256C00B900DC9AAA /* WalletQRCode.swift */,
				E1A70588256C03B600DC9AAA /* WalletQRCodeView.swift */,
				E15F87D4259805F6009C95BD /* ImportWalletView.swift */,
			);
			path = Wallet;
			sourceTree = "<group>";
		};
		E1A85A3F25BB1F4900BBFE06 /* Compatibility */ = {
			isa = PBXGroup;
			children = (
				E1A85A4025BB1F8600BBFE06 /* ColorCompatibility.swift */,
			);
			path = Compatibility;
			sourceTree = "<group>";
		};
/* End PBXGroup section */

/* Begin PBXHeadersBuildPhase section */
		E1A704D0256BB0F800DC9AAA /* Headers */ = {
			isa = PBXHeadersBuildPhase;
			buildActionMask = 2147483647;
			files = (
				E1A704E6256BB0F900DC9AAA /* IncognitoPayKit.h in Headers */,
			);
			runOnlyForDeploymentPostprocessing = 0;
		};
/* End PBXHeadersBuildPhase section */

/* Begin PBXNativeTarget section */
		E1A704D4256BB0F800DC9AAA /* IncognitoPayKit */ = {
			isa = PBXNativeTarget;
			buildConfigurationList = E1A704E9256BB0F900DC9AAA /* Build configuration list for PBXNativeTarget "IncognitoPayKit" */;
			buildPhases = (
				E1A704D0256BB0F800DC9AAA /* Headers */,
				E1A704D1256BB0F800DC9AAA /* Sources */,
				E1A704D2256BB0F800DC9AAA /* Frameworks */,
				E1A704D3256BB0F800DC9AAA /* Resources */,
			);
			buildRules = (
			);
			dependencies = (
			);
			name = IncognitoPayKit;
			productName = IncognitoPayKit;
			productReference = E1A704D5256BB0F900DC9AAA /* IncognitoPayKit.framework */;
			productType = "com.apple.product-type.framework";
		};
/* End PBXNativeTarget section */

/* Begin PBXProject section */
		E1A704CC256BB0F800DC9AAA /* Project object */ = {
			isa = PBXProject;
			attributes = {
				LastSwiftUpdateCheck = 1220;
				LastUpgradeCheck = 1220;
				TargetAttributes = {
					E1A704D4256BB0F800DC9AAA = {
						CreatedOnToolsVersion = 12.2;
						LastSwiftMigration = 1220;
					};
				};
			};
			buildConfigurationList = E1A704CF256BB0F800DC9AAA /* Build configuration list for PBXProject "IncognitoPayKit" */;
			compatibilityVersion = "Xcode 9.3";
			developmentRegion = en;
			hasScannedForEncodings = 0;
			knownRegions = (
				en,
				Base,
			);
			mainGroup = E1A704CB256BB0F800DC9AAA;
			productRefGroup = E1A704D6256BB0F900DC9AAA /* Products */;
			projectDirPath = "";
			projectRoot = "";
			targets = (
				E1A704D4256BB0F800DC9AAA /* IncognitoPayKit */,
			);
		};
/* End PBXProject section */

/* Begin PBXResourcesBuildPhase section */
		E1A704D3256BB0F800DC9AAA /* Resources */ = {
			isa = PBXResourcesBuildPhase;
			buildActionMask = 2147483647;
			files = (
				E1A704F2256BB60200DC9AAA /* Images.xcassets in Resources */,
			);
			runOnlyForDeploymentPostprocessing = 0;
		};
/* End PBXResourcesBuildPhase section */

/* Begin PBXSourcesBuildPhase section */
		E1A704D1256BB0F800DC9AAA /* Sources */ = {
			isa = PBXSourcesBuildPhase;
			buildActionMask = 2147483647;
			files = (
				E169375A258ED6960098C525 /* Wallet.swift in Sources */,
				E1483CA42597D9B90088E145 /* WalletError.swift in Sources */,
				E15E548C25961CD000B1D5D8 /* NewWallet.swift in Sources */,
				E1A704F6256BB70D00DC9AAA /* IncognitoPayButton.swift in Sources */,
				E14DF655259220D900BADF50 /* Contact.swift in Sources */,
				E1E8A3C2256D0B07009BDCB5 /* IncognitoButton.swift in Sources */,
				E12D39842590C256006D25EF /* ContactView.swift in Sources */,
				E17E2F5425725EF1003CBA24 /* CornerView.swift in Sources */,
				E10A30A72572F41200B03822 /* WalletData.swift in Sources */,
				E10A30A82572F41200B03822 /* WalletDataKeychain.swift in Sources */,
				E1A70583256C00B900DC9AAA /* WalletQRCode.swift in Sources */,
				E1483C9F2597D5D10088E145 /* UIAlertController+Error.swift in Sources */,
				E1A85A4125BB1F8600BBFE06 /* ColorCompatibility.swift in Sources */,
				E169374B258EC77C0098C525 /* Config.swift in Sources */,
				E1A7057C256BE36A00DC9AAA /* IncognitoPayOptions.swift in Sources */,
				E1483C8D259740170088E145 /* UIAlertController+Activity.swift in Sources */,
				E15F87D12597E670009C95BD /* PaymentError.swift in Sources */,
				E15947D42592B16A0091C335 /* PaymentView.swift in Sources */,
				E1483C9525975B430088E145 /* ActivityIndicatorView.swift in Sources */,
				E14B7D5F25960EDF005CE0F5 /* NewWalletOptions.swift in Sources */,
				E10A30A22572F2D500B03822 /* Keychain.swift in Sources */,
				E15947EA25939E850091C335 /* InsetLabel.swift in Sources */,
				E17E2F432572511C003CBA24 /* QRCodeCameraView.swift in Sources */,
				E1483CAE2597E0F20088E145 /* Payment.swift in Sources */,
				E12D397E25900378006D25EF /* ContactTableCell.swift in Sources */,
				E1693745258EC4310098C525 /* WalletAPI.swift in Sources */,
				E14DF6592592513F00BADF50 /* ContentSizedTableView.swift in Sources */,
				E15E54A625967C8700B1D5D8 /* UIView+BlurView.swift in Sources */,
				E15F87D5259805F6009C95BD /* ImportWalletView.swift in Sources */,
				E1A70589256C03B600DC9AAA /* WalletQRCodeView.swift in Sources */,
				E15947E02592C08D0091C335 /* PaymentConfirmView.swift in Sources */,
				E12D397825900336006D25EF /* ContactTableView.swift in Sources */,
			);
			runOnlyForDeploymentPostprocessing = 0;
		};
/* End PBXSourcesBuildPhase section */

/* Begin XCBuildConfiguration section */
		E1A704E7256BB0F900DC9AAA /* Debug */ = {
			isa = XCBuildConfiguration;
			baseConfigurationReference = E169374E258EC9430098C525 /* Debug.xcconfig */;
			buildSettings = {
				ALWAYS_SEARCH_USER_PATHS = NO;
				CLANG_ANALYZER_NONNULL = YES;
				CLANG_ANALYZER_NUMBER_OBJECT_CONVERSION = YES_AGGRESSIVE;
				CLANG_CXX_LANGUAGE_STANDARD = "gnu++14";
				CLANG_CXX_LIBRARY = "libc++";
				CLANG_ENABLE_MODULES = YES;
				CLANG_ENABLE_OBJC_ARC = YES;
				CLANG_ENABLE_OBJC_WEAK = YES;
				CLANG_WARN_BLOCK_CAPTURE_AUTORELEASING = YES;
				CLANG_WARN_BOOL_CONVERSION = YES;
				CLANG_WARN_COMMA = YES;
				CLANG_WARN_CONSTANT_CONVERSION = YES;
				CLANG_WARN_DEPRECATED_OBJC_IMPLEMENTATIONS = YES;
				CLANG_WARN_DIRECT_OBJC_ISA_USAGE = YES_ERROR;
				CLANG_WARN_DOCUMENTATION_COMMENTS = YES;
				CLANG_WARN_EMPTY_BODY = YES;
				CLANG_WARN_ENUM_CONVERSION = YES;
				CLANG_WARN_INFINITE_RECURSION = YES;
				CLANG_WARN_INT_CONVERSION = YES;
				CLANG_WARN_NON_LITERAL_NULL_CONVERSION = YES;
				CLANG_WARN_OBJC_IMPLICIT_RETAIN_SELF = YES;
				CLANG_WARN_OBJC_LITERAL_CONVERSION = YES;
				CLANG_WARN_OBJC_ROOT_CLASS = YES_ERROR;
				CLANG_WARN_QUOTED_INCLUDE_IN_FRAMEWORK_HEADER = YES;
				CLANG_WARN_RANGE_LOOP_ANALYSIS = YES;
				CLANG_WARN_STRICT_PROTOTYPES = YES;
				CLANG_WARN_SUSPICIOUS_MOVE = YES;
				CLANG_WARN_UNGUARDED_AVAILABILITY = YES_AGGRESSIVE;
				CLANG_WARN_UNREACHABLE_CODE = YES;
				CLANG_WARN__DUPLICATE_METHOD_MATCH = YES;
				COPY_PHASE_STRIP = NO;
				CURRENT_PROJECT_VERSION = 1;
				DEBUG_INFORMATION_FORMAT = dwarf;
				ENABLE_STRICT_OBJC_MSGSEND = YES;
				ENABLE_TESTABILITY = YES;
				GCC_C_LANGUAGE_STANDARD = gnu11;
				GCC_DYNAMIC_NO_PIC = NO;
				GCC_NO_COMMON_BLOCKS = YES;
				GCC_OPTIMIZATION_LEVEL = 0;
				GCC_PREPROCESSOR_DEFINITIONS = (
					"DEBUG=1",
					"$(inherited)",
				);
				GCC_WARN_64_TO_32_BIT_CONVERSION = YES;
				GCC_WARN_ABOUT_RETURN_TYPE = YES_ERROR;
				GCC_WARN_UNDECLARED_SELECTOR = YES;
				GCC_WARN_UNINITIALIZED_AUTOS = YES_AGGRESSIVE;
				GCC_WARN_UNUSED_FUNCTION = YES;
				GCC_WARN_UNUSED_VARIABLE = YES;
				IPHONEOS_DEPLOYMENT_TARGET = 11.0;
				MTL_ENABLE_DEBUG_INFO = INCLUDE_SOURCE;
				MTL_FAST_MATH = YES;
				ONLY_ACTIVE_ARCH = YES;
				SDKROOT = iphoneos;
				SWIFT_ACTIVE_COMPILATION_CONDITIONS = DEBUG;
				SWIFT_OPTIMIZATION_LEVEL = "-Onone";
				VERSIONING_SYSTEM = "apple-generic";
				VERSION_INFO_PREFIX = "";
			};
			name = Debug;
		};
		E1A704E8256BB0F900DC9AAA /* Release */ = {
			isa = XCBuildConfiguration;
			baseConfigurationReference = E169374F258EC9590098C525 /* Release.xcconfig */;
			buildSettings = {
				ALWAYS_SEARCH_USER_PATHS = NO;
				CLANG_ANALYZER_NONNULL = YES;
				CLANG_ANALYZER_NUMBER_OBJECT_CONVERSION = YES_AGGRESSIVE;
				CLANG_CXX_LANGUAGE_STANDARD = "gnu++14";
				CLANG_CXX_LIBRARY = "libc++";
				CLANG_ENABLE_MODULES = YES;
				CLANG_ENABLE_OBJC_ARC = YES;
				CLANG_ENABLE_OBJC_WEAK = YES;
				CLANG_WARN_BLOCK_CAPTURE_AUTORELEASING = YES;
				CLANG_WARN_BOOL_CONVERSION = YES;
				CLANG_WARN_COMMA = YES;
				CLANG_WARN_CONSTANT_CONVERSION = YES;
				CLANG_WARN_DEPRECATED_OBJC_IMPLEMENTATIONS = YES;
				CLANG_WARN_DIRECT_OBJC_ISA_USAGE = YES_ERROR;
				CLANG_WARN_DOCUMENTATION_COMMENTS = YES;
				CLANG_WARN_EMPTY_BODY = YES;
				CLANG_WARN_ENUM_CONVERSION = YES;
				CLANG_WARN_INFINITE_RECURSION = YES;
				CLANG_WARN_INT_CONVERSION = YES;
				CLANG_WARN_NON_LITERAL_NULL_CONVERSION = YES;
				CLANG_WARN_OBJC_IMPLICIT_RETAIN_SELF = YES;
				CLANG_WARN_OBJC_LITERAL_CONVERSION = YES;
				CLANG_WARN_OBJC_ROOT_CLASS = YES_ERROR;
				CLANG_WARN_QUOTED_INCLUDE_IN_FRAMEWORK_HEADER = YES;
				CLANG_WARN_RANGE_LOOP_ANALYSIS = YES;
				CLANG_WARN_STRICT_PROTOTYPES = YES;
				CLANG_WARN_SUSPICIOUS_MOVE = YES;
				CLANG_WARN_UNGUARDED_AVAILABILITY = YES_AGGRESSIVE;
				CLANG_WARN_UNREACHABLE_CODE = YES;
				CLANG_WARN__DUPLICATE_METHOD_MATCH = YES;
				COPY_PHASE_STRIP = NO;
				CURRENT_PROJECT_VERSION = 1;
				DEBUG_INFORMATION_FORMAT = "dwarf-with-dsym";
				ENABLE_NS_ASSERTIONS = NO;
				ENABLE_STRICT_OBJC_MSGSEND = YES;
				GCC_C_LANGUAGE_STANDARD = gnu11;
				GCC_NO_COMMON_BLOCKS = YES;
				GCC_WARN_64_TO_32_BIT_CONVERSION = YES;
				GCC_WARN_ABOUT_RETURN_TYPE = YES_ERROR;
				GCC_WARN_UNDECLARED_SELECTOR = YES;
				GCC_WARN_UNINITIALIZED_AUTOS = YES_AGGRESSIVE;
				GCC_WARN_UNUSED_FUNCTION = YES;
				GCC_WARN_UNUSED_VARIABLE = YES;
				IPHONEOS_DEPLOYMENT_TARGET = 11.0;
				MTL_ENABLE_DEBUG_INFO = NO;
				MTL_FAST_MATH = YES;
				SDKROOT = iphoneos;
				SWIFT_COMPILATION_MODE = wholemodule;
				SWIFT_OPTIMIZATION_LEVEL = "-O";
				VALIDATE_PRODUCT = YES;
				VERSIONING_SYSTEM = "apple-generic";
				VERSION_INFO_PREFIX = "";
			};
			name = Release;
		};
		E1A704EA256BB0F900DC9AAA /* Debug */ = {
			isa = XCBuildConfiguration;
			buildSettings = {
				CLANG_ENABLE_MODULES = YES;
				CODE_SIGN_STYLE = Automatic;
				CURRENT_PROJECT_VERSION = 1;
				DEFINES_MODULE = YES;
				DEVELOPMENT_TEAM = 2NQBGG84BZ;
				DYLIB_COMPATIBILITY_VERSION = 1;
				DYLIB_CURRENT_VERSION = 1;
				DYLIB_INSTALL_NAME_BASE = "@rpath";
				ENABLE_TESTABILITY = YES;
				ENABLE_TESTING_SEARCH_PATHS = YES;
				INFOPLIST_FILE = IncognitoPayKit/Info.plist;
				INSTALL_PATH = "$(LOCAL_LIBRARY_DIR)/Frameworks";
				IPHONEOS_DEPLOYMENT_TARGET = 11.0;
				LD_RUNPATH_SEARCH_PATHS = (
					"$(inherited)",
					"@executable_path/Frameworks",
					"@loader_path/Frameworks",
				);
				PRODUCT_BUNDLE_IDENTIFIER = com.nodancemonkey.IncognitoPayKit;
				PRODUCT_NAME = "$(TARGET_NAME:c99extidentifier)";
				SKIP_INSTALL = YES;
				SWIFT_OPTIMIZATION_LEVEL = "-Onone";
				SWIFT_VERSION = 5.0;
				TARGETED_DEVICE_FAMILY = "1,2";
				TVOS_DEPLOYMENT_TARGET = "";
				WATCHOS_DEPLOYMENT_TARGET = "";
			};
			name = Debug;
		};
		E1A704EB256BB0F900DC9AAA /* Release */ = {
			isa = XCBuildConfiguration;
			buildSettings = {
				CLANG_ENABLE_MODULES = YES;
				CODE_SIGN_STYLE = Automatic;
				CURRENT_PROJECT_VERSION = 1;
				DEFINES_MODULE = YES;
				DEVELOPMENT_TEAM = 2NQBGG84BZ;
				DYLIB_COMPATIBILITY_VERSION = 1;
				DYLIB_CURRENT_VERSION = 1;
				DYLIB_INSTALL_NAME_BASE = "@rpath";
				ENABLE_TESTABILITY = NO;
				ENABLE_TESTING_SEARCH_PATHS = YES;
				INFOPLIST_FILE = IncognitoPayKit/Info.plist;
				INSTALL_PATH = "$(LOCAL_LIBRARY_DIR)/Frameworks";
				IPHONEOS_DEPLOYMENT_TARGET = 11.0;
				LD_RUNPATH_SEARCH_PATHS = (
					"$(inherited)",
					"@executable_path/Frameworks",
					"@loader_path/Frameworks",
				);
				PRODUCT_BUNDLE_IDENTIFIER = com.nodancemonkey.IncognitoPayKit;
				PRODUCT_NAME = "$(TARGET_NAME:c99extidentifier)";
				SKIP_INSTALL = YES;
				SWIFT_VERSION = 5.0;
				TARGETED_DEVICE_FAMILY = "1,2";
				TVOS_DEPLOYMENT_TARGET = "";
				WATCHOS_DEPLOYMENT_TARGET = "";
			};
			name = Release;
		};
/* End XCBuildConfiguration section */

/* Begin XCConfigurationList section */
		E1A704CF256BB0F800DC9AAA /* Build configuration list for PBXProject "IncognitoPayKit" */ = {
			isa = XCConfigurationList;
			buildConfigurations = (
				E1A704E7256BB0F900DC9AAA /* Debug */,
				E1A704E8256BB0F900DC9AAA /* Release */,
			);
			defaultConfigurationIsVisible = 0;
			defaultConfigurationName = Release;
		};
		E1A704E9256BB0F900DC9AAA /* Build configuration list for PBXNativeTarget "IncognitoPayKit" */ = {
			isa = XCConfigurationList;
			buildConfigurations = (
				E1A704EA256BB0F900DC9AAA /* Debug */,
				E1A704EB256BB0F900DC9AAA /* Release */,
			);
			defaultConfigurationIsVisible = 0;
			defaultConfigurationName = Release;
		};
/* End XCConfigurationList section */
	};
	rootObject = E1A704CC256BB0F800DC9AAA /* Project object */;
}
